
Microsoft Visual Studio Solution File, Format Version 12.00
# Visual Studio Version 17
VisualStudioVersion = 17.0.31919.166
MinimumVisualStudioVersion = 10.0.40219.1
Project("{FAE04EC0-301F-11D3-BF4B-00C04F79EFBC}") = "Project.Dal", "Project.Dal\Project.Dal.csproj", "{11EC1916-03CB-49A4-97E9-27EEAA656637}"
EndProject
Project("{FAE04EC0-301F-11D3-BF4B-00C04F79EFBC}") = "Project.Bll", "Project.Bll\Project.Bll.csproj", "{475FFDF0-949A-4F2D-BD09-D61A31F77AFD}"
EndProject
Project("{FAE04EC0-301F-11D3-BF4B-00C04F79EFBC}") = "Project.Entity", "Project.Entity\Project.Entity.csproj", "{03D2BA30-4ACB-4106-82B5-25EDC1C0F09C}"
EndProject
Project("{FAE04EC0-301F-11D3-BF4B-00C04F79EFBC}") = "Project.Interface", "Project.Interface\Project.Interface.csproj", "{1ED605C6-1249-48EE-A2E9-5B61F8B73D7E}"
EndProject
Project("{FAE04EC0-301F-11D3-BF4B-00C04F79EFBC}") = "Project.WebAPI", "Project.WebAPI\Project.WebAPI.csproj", "{573E1489-2A1C-4026-A03F-869076939D82}"
EndProject
Global
	GlobalSection(SolutionConfigurationPlatforms) = preSolution
		Debug|Any CPU = Debug|Any CPU
		Release|Any CPU = Release|Any CPU
	EndGlobalSection
	GlobalSection(ProjectConfigurationPlatforms) = postSolution
		{11EC1916-03CB-49A4-97E9-27EEAA656637}.Debug|Any CPU.ActiveCfg = Debug|Any CPU
		{11EC1916-03CB-49A4-97E9-27EEAA656637}.Debug|Any CPU.Build.0 = Debug|Any CPU
		{11EC1916-03CB-49A4-97E9-27EEAA656637}.Release|Any CPU.ActiveCfg = Release|Any CPU
		{11EC1916-03CB-49A4-97E9-27EEAA656637}.Release|Any CPU.Build.0 = Release|Any CPU
		{475FFDF0-949A-4F2D-BD09-D61A31F77AFD}.Debug|Any CPU.ActiveCfg = Debug|Any CPU
		{475FFDF0-949A-4F2D-BD09-D61A31F77AFD}.Debug|Any CPU.Build.0 = Debug|Any CPU
		{475FFDF0-949A-4F2D-BD09-D61A31F77AFD}.Release|Any CPU.ActiveCfg = Release|Any CPU
		{475FFDF0-949A-4F2D-BD09-D61A31F77AFD}.Release|Any CPU.Build.0 = Release|Any CPU
		{03D2BA30-4ACB-4106-82B5-25EDC1C0F09C}.Debug|Any CPU.ActiveCfg = Debug|Any CPU
		{03D2BA30-4ACB-4106-82B5-25EDC1C0F09C}.Debug|Any CPU.Build.0 = Debug|Any CPU
		{03D2BA30-4ACB-4106-82B5-25EDC1C0F09C}.Release|Any CPU.ActiveCfg = Release|Any CPU
		{03D2BA30-4ACB-4106-82B5-25EDC1C0F09C}.Release|Any CPU.Build.0 = Release|Any CPU
		{1ED605C6-1249-48EE-A2E9-5B61F8B73D7E}.Debug|Any CPU.ActiveCfg = Debug|Any CPU
		{1ED605C6-1249-48EE-A2E9-5B61F8B73D7E}.Debug|Any CPU.Build.0 = Debug|Any CPU
		{1ED605C6-1249-48EE-A2E9-5B61F8B73D7E}.Release|Any CPU.ActiveCfg = Release|Any CPU
		{1ED605C6-1249-48EE-A2E9-5B61F8B73D7E}.Release|Any CPU.Build.0 = Release|Any CPU
		{573E1489-2A1C-4026-A03F-869076939D82}.Debug|Any CPU.ActiveCfg = Debug|Any CPU
		{573E1489-2A1C-4026-A03F-869076939D82}.Debug|Any CPU.Build.0 = Debug|Any CPU
		{573E1489-2A1C-4026-A03F-869076939D82}.Release|Any CPU.ActiveCfg = Release|Any CPU
		{573E1489-2A1C-4026-A03F-869076939D82}.Release|Any CPU.Build.0 = Release|Any CPU
	EndGlobalSection
	GlobalSection(SolutionProperties) = preSolution
		HideSolutionNode = FALSE
	EndGlobalSection
	GlobalSection(ExtensibilityGlobals) = postSolution
		SolutionGuid = {15EB0B46-D55E-4B7B-84BB-F1C3FD30DD3D}
	EndGlobalSection
EndGlobal
